
Microsoft Visual Studio Solution File, Format Version 12.00
# Visual Studio Version 17
VisualStudioVersion = 17.4.33213.308
MinimumVisualStudioVersion = 10.0.40219.1
Project("{FAE04EC0-301F-11D3-BF4B-00C04F79EFBC}") = "MergeNullOperator", "MergeNullOperator\MergeNullOperator.csproj", "{D1162423-00C2-46D8-B503-9CB5244F62EC}"
EndProject
Project("{FAE04EC0-301F-11D3-BF4B-00C04F79EFBC}") = "NamesOutput", "NamesOutput\NamesOutput.csproj", "{62956066-6497-41FA-8EA1-0A76E7311DAC}"
EndProject
Global
	GlobalSection(SolutionConfigurationPlatforms) = preSolution
		Debug|Any CPU = Debug|Any CPU
		Release|Any CPU = Release|Any CPU
	EndGlobalSection
	GlobalSection(ProjectConfigurationPlatforms) = postSolution
		{D1162423-00C2-46D8-B503-9CB5244F62EC}.Debug|Any CPU.ActiveCfg = Debug|Any CPU
		{D1162423-00C2-46D8-B503-9CB5244F62EC}.Debug|Any CPU.Build.0 = Debug|Any CPU
		{D1162423-00C2-46D8-B503-9CB5244F62EC}.Release|Any CPU.ActiveCfg = Release|Any CPU
		{D1162423-00C2-46D8-B503-9CB5244F62EC}.Release|Any CPU.Build.0 = Release|Any CPU
		{62956066-6497-41FA-8EA1-0A76E7311DAC}.Debug|Any CPU.ActiveCfg = Debug|Any CPU
		{62956066-6497-41FA-8EA1-0A76E7311DAC}.Debug|Any CPU.Build.0 = Debug|Any CPU
		{62956066-6497-41FA-8EA1-0A76E7311DAC}.Release|Any CPU.ActiveCfg = Release|Any CPU
		{62956066-6497-41FA-8EA1-0A76E7311DAC}.Release|Any CPU.Build.0 = Release|Any CPU
	EndGlobalSection
	GlobalSection(SolutionProperties) = preSolution
		HideSolutionNode = FALSE
	EndGlobalSection
	GlobalSection(ExtensibilityGlobals) = postSolution
		SolutionGuid = {BE75AF98-BA04-4F3F-B423-DA3432CFD212}
	EndGlobalSection
EndGlobal
